
Microsoft Visual Studio Solution File, Format Version 12.00
# Visual Studio Version 16
VisualStudioVersion = 16.0.31205.134
MinimumVisualStudioVersion = 10.0.40219.1
Project("{FAE04EC0-301F-11D3-BF4B-00C04F79EFBC}") = "Lab13Var4", "Lab13Var4.csproj", "{13A6F778-19AE-41F1-86CE-95FBF1A2F5E6}"
EndProject
Global
	GlobalSection(SolutionConfigurationPlatforms) = preSolution
		Debug|Any CPU = Debug|Any CPU
		Release|Any CPU = Release|Any CPU
	EndGlobalSection
	GlobalSection(ProjectConfigurationPlatforms) = postSolution
		{13A6F778-19AE-41F1-86CE-95FBF1A2F5E6}.Debug|Any CPU.ActiveCfg = Debug|Any CPU
		{13A6F778-19AE-41F1-86CE-95FBF1A2F5E6}.Debug|Any CPU.Build.0 = Debug|Any CPU
		{13A6F778-19AE-41F1-86CE-95FBF1A2F5E6}.Release|Any CPU.ActiveCfg = Release|Any CPU
		{13A6F778-19AE-41F1-86CE-95FBF1A2F5E6}.Release|Any CPU.Build.0 = Release|Any CPU
	EndGlobalSection
	GlobalSection(SolutionProperties) = preSolution
		HideSolutionNode = FALSE
	EndGlobalSection
	GlobalSection(ExtensibilityGlobals) = postSolution
		SolutionGuid = {6C362EC4-9FF7-4EA8-8CC2-26708BD86BA6}
	EndGlobalSection
EndGlobal
